
Microsoft Visual Studio Solution File, Format Version 12.00
# Visual Studio Version 17
VisualStudioVersion = 17.4.33205.214
MinimumVisualStudioVersion = 10.0.40219.1
Project("{9A19103F-16F7-4668-BE54-9A1E7A4F7556}") = "GMI24H_Labb5_Grupp_6", "GMI24H_Labb5_Grupp_ERTGRUPPNR\GMI24H_Labb5_Grupp_6.csproj", "{436D40FB-824F-40B2-B22B-1811AD4605D5}"
EndProject
Global
	GlobalSection(SolutionConfigurationPlatforms) = preSolution
		Debug|Any CPU = Debug|Any CPU
		Release|Any CPU = Release|Any CPU
	EndGlobalSection
	GlobalSection(ProjectConfigurationPlatforms) = postSolution
		{436D40FB-824F-40B2-B22B-1811AD4605D5}.Debug|Any CPU.ActiveCfg = Debug|Any CPU
		{436D40FB-824F-40B2-B22B-1811AD4605D5}.Debug|Any CPU.Build.0 = Debug|Any CPU
		{436D40FB-824F-40B2-B22B-1811AD4605D5}.Release|Any CPU.ActiveCfg = Release|Any CPU
		{436D40FB-824F-40B2-B22B-1811AD4605D5}.Release|Any CPU.Build.0 = Release|Any CPU
	EndGlobalSection
	GlobalSection(SolutionProperties) = preSolution
		HideSolutionNode = FALSE
	EndGlobalSection
	GlobalSection(ExtensibilityGlobals) = postSolution
		SolutionGuid = {F956B29B-B3EC-477B-8D12-A8EF36C16336}
	EndGlobalSection
EndGlobal
